// !$*UTF8*$!
{
	archiveVersion = 1;
	classes = {
	};
	objectVersion = 55;
	objects = {

/* Begin PBXBuildFile section */
		1846212A2707128A000A3CD3 /* AppDelegate.swift in Sources */ = {isa = PBXBuildFile; fileRef = 184621292707128A000A3CD3 /* AppDelegate.swift */; };
		1846212C2707128A000A3CD3 /* SceneDelegate.swift in Sources */ = {isa = PBXBuildFile; fileRef = 1846212B2707128A000A3CD3 /* SceneDelegate.swift */; };
		1846212E2707128A000A3CD3 /* ViewController.swift in Sources */ = {isa = PBXBuildFile; fileRef = 1846212D2707128A000A3CD3 /* ViewController.swift */; };
		184621312707128A000A3CD3 /* Main.storyboard in Resources */ = {isa = PBXBuildFile; fileRef = 1846212F2707128A000A3CD3 /* Main.storyboard */; };
		184621332707128E000A3CD3 /* Assets.xcassets in Resources */ = {isa = PBXBuildFile; fileRef = 184621322707128E000A3CD3 /* Assets.xcassets */; };
		184621362707128E000A3CD3 /* LaunchScreen.storyboard in Resources */ = {isa = PBXBuildFile; fileRef = 184621342707128E000A3CD3 /* LaunchScreen.storyboard */; };
/* End PBXBuildFile section */

/* Begin PBXFileReference section */
		184621262707128A000A3CD3 /* CodingTest.app */ = {isa = PBXFileReference; explicitFileType = wrapper.application; includeInIndex = 0; path = CodingTest.app; sourceTree = BUILT_PRODUCTS_DIR; };
		184621292707128A000A3CD3 /* AppDelegate.swift */ = {isa = PBXFileReference; lastKnownFileType = sourcecode.swift; path = AppDelegate.swift; sourceTree = "<group>"; };
		1846212B2707128A000A3CD3 /* SceneDelegate.swift */ = {isa = PBXFileReference; lastKnownFileType = sourcecode.swift; path = SceneDelegate.swift; sourceTree = "<group>"; };
		1846212D2707128A000A3CD3 /* ViewController.swift */ = {isa = PBXFileReference; lastKnownFileType = sourcecode.swift; path = ViewController.swift; sourceTree = "<group>"; };
		184621302707128A000A3CD3 /* Base */ = {isa = PBXFileReference; lastKnownFileType = file.storyboard; name = Base; path = Base.lproj/Main.storyboard; sourceTree = "<group>"; };
		184621322707128E000A3CD3 /* Assets.xcassets */ = {isa = PBXFileReference; lastKnownFileType = folder.assetcatalog; path = Assets.xcassets; sourceTree = "<group>"; };
		184621352707128E000A3CD3 /* Base */ = {isa = PBXFileReference; lastKnownFileType = file.storyboard; name = Base; path = Base.lproj/LaunchScreen.storyboard; sourceTree = "<group>"; };
		184621372707128E000A3CD3 /* Info.plist */ = {isa = PBXFileReference; lastKnownFileType = text.plist.xml; path = Info.plist; sourceTree = "<group>"; };
		184D336C2715A9BD00F6775C /* 스택큐_프린터_level2.md */ = {isa = PBXFileReference; lastKnownFileType = net.daringfireball.markdown; path = "스택큐_프린터_level2.md"; sourceTree = "<group>"; };
		184D336D27167F4B00F6775C /* 정렬_K번째수_level1.md */ = {isa = PBXFileReference; lastKnownFileType = net.daringfireball.markdown; path = "정렬_K번째수_level1.md"; sourceTree = "<group>"; };
		184D336E27169FDB00F6775C /* 1ex.md */ = {isa = PBXFileReference; lastKnownFileType = net.daringfireball.markdown; path = 1ex.md; sourceTree = "<group>"; };
		184D336F2716A1C700F6775C /* 스택큐_다리를지나는트럭_level2.md */ = {isa = PBXFileReference; lastKnownFileType = net.daringfireball.markdown; path = "스택큐_다리를지나는트럭_level2.md"; sourceTree = "<group>"; };
		18516164270DA13100071F49 /* 2ex.md */ = {isa = PBXFileReference; lastKnownFileType = net.daringfireball.markdown; path = 2ex.md; sourceTree = "<group>"; };
		18516165270DAC0E00071F49 /* 해시_완주하지못한선수_level1.md */ = {isa = PBXFileReference; lastKnownFileType = net.daringfireball.markdown; path = "해시_완주하지못한선수_level1.md"; sourceTree = "<group>"; };
		18516166270DB08900071F49 /* 해시_전화번호 목록_level2.md */ = {isa = PBXFileReference; lastKnownFileType = net.daringfireball.markdown; path = "해시_전화번호 목록_level2.md"; sourceTree = "<group>"; };
		18516167270DC2AB00071F49 /* 해시_위장_level2.md */ = {isa = PBXFileReference; lastKnownFileType = net.daringfireball.markdown; path = "해시_위장_level2.md"; sourceTree = "<group>"; };
		18516168270EDE4C00071F49 /* 해시_베스트앨범_level3.md */ = {isa = PBXFileReference; lastKnownFileType = net.daringfireball.markdown; path = "해시_베스트앨범_level3.md"; sourceTree = "<group>"; };
		18516169270EE24600071F49 /* 스택큐_기능개발_level2.md */ = {isa = PBXFileReference; lastKnownFileType = net.daringfireball.markdown; path = "스택큐_기능개발_level2.md"; sourceTree = "<group>"; };
/* End PBXFileReference section */

/* Begin PBXFrameworksBuildPhase section */
		184621232707128A000A3CD3 /* Frameworks */ = {
			isa = PBXFrameworksBuildPhase;
			buildActionMask = 2147483647;
			files = (
			);
			runOnlyForDeploymentPostprocessing = 0;
		};
/* End PBXFrameworksBuildPhase section */

/* Begin PBXGroup section */
		1846211D2707128A000A3CD3 = {
			isa = PBXGroup;
			children = (
				184621282707128A000A3CD3 /* CodingTest */,
				184621272707128A000A3CD3 /* Products */,
			);
			sourceTree = "<group>";
		};
		184621272707128A000A3CD3 /* Products */ = {
			isa = PBXGroup;
			children = (
				184621262707128A000A3CD3 /* CodingTest.app */,
			);
			name = Products;
			sourceTree = "<group>";
		};
		184621282707128A000A3CD3 /* CodingTest */ = {
			isa = PBXGroup;
			children = (
				184621292707128A000A3CD3 /* AppDelegate.swift */,
				1846212B2707128A000A3CD3 /* SceneDelegate.swift */,
				1846212D2707128A000A3CD3 /* ViewController.swift */,
				184D336E27169FDB00F6775C /* 1ex.md */,
				18516164270DA13100071F49 /* 2ex.md */,
				18516165270DAC0E00071F49 /* 해시_완주하지못한선수_level1.md */,
				18516166270DB08900071F49 /* 해시_전화번호 목록_level2.md */,
				18516167270DC2AB00071F49 /* 해시_위장_level2.md */,
				18516168270EDE4C00071F49 /* 해시_베스트앨범_level3.md */,
				18516169270EE24600071F49 /* 스택큐_기능개발_level2.md */,
				184D336C2715A9BD00F6775C /* 스택큐_프린터_level2.md */,
				184D336F2716A1C700F6775C /* 스택큐_다리를지나는트럭_level2.md */,
				184D336D27167F4B00F6775C /* 정렬_K번째수_level1.md */,
				1846212F2707128A000A3CD3 /* Main.storyboard */,
				184621322707128E000A3CD3 /* Assets.xcassets */,
				184621342707128E000A3CD3 /* LaunchScreen.storyboard */,
				184621372707128E000A3CD3 /* Info.plist */,
			);
			path = CodingTest;
			sourceTree = "<group>";
		};
/* End PBXGroup section */

/* Begin PBXNativeTarget section */
		184621252707128A000A3CD3 /* CodingTest */ = {
			isa = PBXNativeTarget;
			buildConfigurationList = 1846213A2707128E000A3CD3 /* Build configuration list for PBXNativeTarget "CodingTest" */;
			buildPhases = (
				184621222707128A000A3CD3 /* Sources */,
				184621232707128A000A3CD3 /* Frameworks */,
				184621242707128A000A3CD3 /* Resources */,
			);
			buildRules = (
			);
			dependencies = (
			);
			name = CodingTest;
			productName = CodingTest;
			productReference = 184621262707128A000A3CD3 /* CodingTest.app */;
			productType = "com.apple.product-type.application";
		};
/* End PBXNativeTarget section */

/* Begin PBXProject section */
		1846211E2707128A000A3CD3 /* Project object */ = {
			isa = PBXProject;
			attributes = {
				BuildIndependentTargetsInParallel = 1;
				LastSwiftUpdateCheck = 1300;
				LastUpgradeCheck = 1300;
				TargetAttributes = {
					184621252707128A000A3CD3 = {
						CreatedOnToolsVersion = 13.0;
					};
				};
			};
			buildConfigurationList = 184621212707128A000A3CD3 /* Build configuration list for PBXProject "CodingTest" */;
			compatibilityVersion = "Xcode 13.0";
			developmentRegion = en;
			hasScannedForEncodings = 0;
			knownRegions = (
				en,
				Base,
			);
			mainGroup = 1846211D2707128A000A3CD3;
			productRefGroup = 184621272707128A000A3CD3 /* Products */;
			projectDirPath = "";
			projectRoot = "";
			targets = (
				184621252707128A000A3CD3 /* CodingTest */,
			);
		};
/* End PBXProject section */

/* Begin PBXResourcesBuildPhase section */
		184621242707128A000A3CD3 /* Resources */ = {
			isa = PBXResourcesBuildPhase;
			buildActionMask = 2147483647;
			files = (
				184621362707128E000A3CD3 /* LaunchScreen.storyboard in Resources */,
				184621332707128E000A3CD3 /* Assets.xcassets in Resources */,
				184621312707128A000A3CD3 /* Main.storyboard in Resources */,
			);
			runOnlyForDeploymentPostprocessing = 0;
		};
/* End PBXResourcesBuildPhase section */

/* Begin PBXSourcesBuildPhase section */
		184621222707128A000A3CD3 /* Sources */ = {
			isa = PBXSourcesBuildPhase;
			buildActionMask = 2147483647;
			files = (
				1846212E2707128A000A3CD3 /* ViewController.swift in Sources */,
				1846212A2707128A000A3CD3 /* AppDelegate.swift in Sources */,
				1846212C2707128A000A3CD3 /* SceneDelegate.swift in Sources */,
			);
			runOnlyForDeploymentPostprocessing = 0;
		};
/* End PBXSourcesBuildPhase section */

/* Begin PBXVariantGroup section */
		1846212F2707128A000A3CD3 /* Main.storyboard */ = {
			isa = PBXVariantGroup;
			children = (
				184621302707128A000A3CD3 /* Base */,
			);
			name = Main.storyboard;
			sourceTree = "<group>";
		};
		184621342707128E000A3CD3 /* LaunchScreen.storyboard */ = {
			isa = PBXVariantGroup;
			children = (
				184621352707128E000A3CD3 /* Base */,
			);
			name = LaunchScreen.storyboard;
			sourceTree = "<group>";
		};
/* End PBXVariantGroup section */

/* Begin XCBuildConfiguration section */
		184621382707128E000A3CD3 /* Debug */ = {
			isa = XCBuildConfiguration;
			buildSettings = {
				ALWAYS_SEARCH_USER_PATHS = NO;
				CLANG_ANALYZER_NONNULL = YES;
				CLANG_ANALYZER_NUMBER_OBJECT_CONVERSION = YES_AGGRESSIVE;
				CLANG_CXX_LANGUAGE_STANDARD = "gnu++17";
				CLANG_CXX_LIBRARY = "libc++";
				CLANG_ENABLE_MODULES = YES;
				CLANG_ENABLE_OBJC_ARC = YES;
				CLANG_ENABLE_OBJC_WEAK = YES;
				CLANG_WARN_BLOCK_CAPTURE_AUTORELEASING = YES;
				CLANG_WARN_BOOL_CONVERSION = YES;
				CLANG_WARN_COMMA = YES;
				CLANG_WARN_CONSTANT_CONVERSION = YES;
				CLANG_WARN_DEPRECATED_OBJC_IMPLEMENTATIONS = YES;
				CLANG_WARN_DIRECT_OBJC_ISA_USAGE = YES_ERROR;
				CLANG_WARN_DOCUMENTATION_COMMENTS = YES;
				CLANG_WARN_EMPTY_BODY = YES;
				CLANG_WARN_ENUM_CONVERSION = YES;
				CLANG_WARN_INFINITE_RECURSION = YES;
				CLANG_WARN_INT_CONVERSION = YES;
				CLANG_WARN_NON_LITERAL_NULL_CONVERSION = YES;
				CLANG_WARN_OBJC_IMPLICIT_RETAIN_SELF = YES;
				CLANG_WARN_OBJC_LITERAL_CONVERSION = YES;
				CLANG_WARN_OBJC_ROOT_CLASS = YES_ERROR;
				CLANG_WARN_QUOTED_INCLUDE_IN_FRAMEWORK_HEADER = YES;
				CLANG_WARN_RANGE_LOOP_ANALYSIS = YES;
				CLANG_WARN_STRICT_PROTOTYPES = YES;
				CLANG_WARN_SUSPICIOUS_MOVE = YES;
				CLANG_WARN_UNGUARDED_AVAILABILITY = YES_AGGRESSIVE;
				CLANG_WARN_UNREACHABLE_CODE = YES;
				CLANG_WARN__DUPLICATE_METHOD_MATCH = YES;
				COPY_PHASE_STRIP = NO;
				DEBUG_INFORMATION_FORMAT = dwarf;
				ENABLE_STRICT_OBJC_MSGSEND = YES;
				ENABLE_TESTABILITY = YES;
				GCC_C_LANGUAGE_STANDARD = gnu11;
				GCC_DYNAMIC_NO_PIC = NO;
				GCC_NO_COMMON_BLOCKS = YES;
				GCC_OPTIMIZATION_LEVEL = 0;
				GCC_PREPROCESSOR_DEFINITIONS = (
					"DEBUG=1",
					"$(inherited)",
				);
				GCC_WARN_64_TO_32_BIT_CONVERSION = YES;
				GCC_WARN_ABOUT_RETURN_TYPE = YES_ERROR;
				GCC_WARN_UNDECLARED_SELECTOR = YES;
				GCC_WARN_UNINITIALIZED_AUTOS = YES_AGGRESSIVE;
				GCC_WARN_UNUSED_FUNCTION = YES;
				GCC_WARN_UNUSED_VARIABLE = YES;
				IPHONEOS_DEPLOYMENT_TARGET = 15.0;
				MTL_ENABLE_DEBUG_INFO = INCLUDE_SOURCE;
				MTL_FAST_MATH = YES;
				ONLY_ACTIVE_ARCH = YES;
				SDKROOT = iphoneos;
				SWIFT_ACTIVE_COMPILATION_CONDITIONS = DEBUG;
				SWIFT_OPTIMIZATION_LEVEL = "-Onone";
			};
			name = Debug;
		};
		184621392707128E000A3CD3 /* Release */ = {
			isa = XCBuildConfiguration;
			buildSettings = {
				ALWAYS_SEARCH_USER_PATHS = NO;
				CLANG_ANALYZER_NONNULL = YES;
				CLANG_ANALYZER_NUMBER_OBJECT_CONVERSION = YES_AGGRESSIVE;
				CLANG_CXX_LANGUAGE_STANDARD = "gnu++17";
				CLANG_CXX_LIBRARY = "libc++";
				CLANG_ENABLE_MODULES = YES;
				CLANG_ENABLE_OBJC_ARC = YES;
				CLANG_ENABLE_OBJC_WEAK = YES;
				CLANG_WARN_BLOCK_CAPTURE_AUTORELEASING = YES;
				CLANG_WARN_BOOL_CONVERSION = YES;
				CLANG_WARN_COMMA = YES;
				CLANG_WARN_CONSTANT_CONVERSION = YES;
				CLANG_WARN_DEPRECATED_OBJC_IMPLEMENTATIONS = YES;
				CLANG_WARN_DIRECT_OBJC_ISA_USAGE = YES_ERROR;
				CLANG_WARN_DOCUMENTATION_COMMENTS = YES;
				CLANG_WARN_EMPTY_BODY = YES;
				CLANG_WARN_ENUM_CONVERSION = YES;
				CLANG_WARN_INFINITE_RECURSION = YES;
				CLANG_WARN_INT_CONVERSION = YES;
				CLANG_WARN_NON_LITERAL_NULL_CONVERSION = YES;
				CLANG_WARN_OBJC_IMPLICIT_RETAIN_SELF = YES;
				CLANG_WARN_OBJC_LITERAL_CONVERSION = YES;
				CLANG_WARN_OBJC_ROOT_CLASS = YES_ERROR;
				CLANG_WARN_QUOTED_INCLUDE_IN_FRAMEWORK_HEADER = YES;
				CLANG_WARN_RANGE_LOOP_ANALYSIS = YES;
				CLANG_WARN_STRICT_PROTOTYPES = YES;
				CLANG_WARN_SUSPICIOUS_MOVE = YES;
				CLANG_WARN_UNGUARDED_AVAILABILITY = YES_AGGRESSIVE;
				CLANG_WARN_UNREACHABLE_CODE = YES;
				CLANG_WARN__DUPLICATE_METHOD_MATCH = YES;
				COPY_PHASE_STRIP = NO;
				DEBUG_INFORMATION_FORMAT = "dwarf-with-dsym";
				ENABLE_NS_ASSERTIONS = NO;
				ENABLE_STRICT_OBJC_MSGSEND = YES;
				GCC_C_LANGUAGE_STANDARD = gnu11;
				GCC_NO_COMMON_BLOCKS = YES;
				GCC_WARN_64_TO_32_BIT_CONVERSION = YES;
				GCC_WARN_ABOUT_RETURN_TYPE = YES_ERROR;
				GCC_WARN_UNDECLARED_SELECTOR = YES;
				GCC_WARN_UNINITIALIZED_AUTOS = YES_AGGRESSIVE;
				GCC_WARN_UNUSED_FUNCTION = YES;
				GCC_WARN_UNUSED_VARIABLE = YES;
				IPHONEOS_DEPLOYMENT_TARGET = 15.0;
				MTL_ENABLE_DEBUG_INFO = NO;
				MTL_FAST_MATH = YES;
				SDKROOT = iphoneos;
				SWIFT_COMPILATION_MODE = wholemodule;
				SWIFT_OPTIMIZATION_LEVEL = "-O";
				VALIDATE_PRODUCT = YES;
			};
			name = Release;
		};
		1846213B2707128E000A3CD3 /* Debug */ = {
			isa = XCBuildConfiguration;
			buildSettings = {
				ASSETCATALOG_COMPILER_APPICON_NAME = AppIcon;
				ASSETCATALOG_COMPILER_GLOBAL_ACCENT_COLOR_NAME = AccentColor;
				CODE_SIGN_STYLE = Automatic;
				CURRENT_PROJECT_VERSION = 1;
				GENERATE_INFOPLIST_FILE = YES;
				INFOPLIST_FILE = CodingTest/Info.plist;
				INFOPLIST_KEY_UIApplicationSupportsIndirectInputEvents = YES;
				INFOPLIST_KEY_UILaunchStoryboardName = LaunchScreen;
				INFOPLIST_KEY_UIMainStoryboardFile = Main;
				INFOPLIST_KEY_UISupportedInterfaceOrientations_iPad = "UIInterfaceOrientationPortrait UIInterfaceOrientationPortraitUpsideDown UIInterfaceOrientationLandscapeLeft UIInterfaceOrientationLandscapeRight";
				INFOPLIST_KEY_UISupportedInterfaceOrientations_iPhone = "UIInterfaceOrientationPortrait UIInterfaceOrientationLandscapeLeft UIInterfaceOrientationLandscapeRight";
				LD_RUNPATH_SEARCH_PATHS = (
					"$(inherited)",
					"@executable_path/Frameworks",
				);
				MARKETING_VERSION = 1.0;
				PRODUCT_BUNDLE_IDENTIFIER = home.CodingTest;
				PRODUCT_NAME = "$(TARGET_NAME)";
				SWIFT_EMIT_LOC_STRINGS = YES;
				SWIFT_VERSION = 5.0;
				TARGETED_DEVICE_FAMILY = "1,2";
			};
			name = Debug;
		};
		1846213C2707128E000A3CD3 /* Release */ = {
			isa = XCBuildConfiguration;
			buildSettings = {
				ASSETCATALOG_COMPILER_APPICON_NAME = AppIcon;
				ASSETCATALOG_COMPILER_GLOBAL_ACCENT_COLOR_NAME = AccentColor;
				CODE_SIGN_STYLE = Automatic;
				CURRENT_PROJECT_VERSION = 1;
				GENERATE_INFOPLIST_FILE = YES;
				INFOPLIST_FILE = CodingTest/Info.plist;
				INFOPLIST_KEY_UIApplicationSupportsIndirectInputEvents = YES;
				INFOPLIST_KEY_UILaunchStoryboardName = LaunchScreen;
				INFOPLIST_KEY_UIMainStoryboardFile = Main;
				INFOPLIST_KEY_UISupportedInterfaceOrientations_iPad = "UIInterfaceOrientationPortrait UIInterfaceOrientationPortraitUpsideDown UIInterfaceOrientationLandscapeLeft UIInterfaceOrientationLandscapeRight";
				INFOPLIST_KEY_UISupportedInterfaceOrientations_iPhone = "UIInterfaceOrientationPortrait UIInterfaceOrientationLandscapeLeft UIInterfaceOrientationLandscapeRight";
				LD_RUNPATH_SEARCH_PATHS = (
					"$(inherited)",
					"@executable_path/Frameworks",
				);
				MARKETING_VERSION = 1.0;
				PRODUCT_BUNDLE_IDENTIFIER = home.CodingTest;
				PRODUCT_NAME = "$(TARGET_NAME)";
				SWIFT_EMIT_LOC_STRINGS = YES;
				SWIFT_VERSION = 5.0;
				TARGETED_DEVICE_FAMILY = "1,2";
			};
			name = Release;
		};
/* End XCBuildConfiguration section */

/* Begin XCConfigurationList section */
		184621212707128A000A3CD3 /* Build configuration list for PBXProject "CodingTest" */ = {
			isa = XCConfigurationList;
			buildConfigurations = (
				184621382707128E000A3CD3 /* Debug */,
				184621392707128E000A3CD3 /* Release */,
			);
			defaultConfigurationIsVisible = 0;
			defaultConfigurationName = Release;
		};
		1846213A2707128E000A3CD3 /* Build configuration list for PBXNativeTarget "CodingTest" */ = {
			isa = XCConfigurationList;
			buildConfigurations = (
				1846213B2707128E000A3CD3 /* Debug */,
				1846213C2707128E000A3CD3 /* Release */,
			);
			defaultConfigurationIsVisible = 0;
			defaultConfigurationName = Release;
		};
/* End XCConfigurationList section */
	};
	rootObject = 1846211E2707128A000A3CD3 /* Project object */;
}
